
Microsoft Visual Studio Solution File, Format Version 12.00
# Visual Studio 15
VisualStudioVersion = 15.0.28010.2019
MinimumVisualStudioVersion = 10.0.40219.1
Project("{2150E333-8FDC-42A3-9474-1A3956D46DE8}") = "Examples", "Examples", "{D633F660-B40E-495D-8FDD-E103CF028623}"
EndProject
Project("{FAE04EC0-301F-11D3-BF4B-00C04F79EFBC}") = "Sample.MVC.App", "Sample.MVC.App\Sample.MVC.App.csproj", "{9C3D6BDE-5332-4BE9-BD9C-ECB67F77A199}"
EndProject
Project("{9A19103F-16F7-4668-BE54-9A1E7A4F7556}") = "Sample.Mvc.Core.App", "Sample.Mvc.Core.App\Sample.Mvc.Core.App.csproj", "{AF7054C0-CD26-496B-B3B6-12152F2DFAE2}"
EndProject
Project("{FAE04EC0-301F-11D3-BF4B-00C04F79EFBC}") = "BundleConfigExtensions", "BundleConfigExtensions\BundleConfigExtensions.csproj", "{56B24B2D-F121-4AF3-998B-B18D5460A261}"
EndProject
Global
	GlobalSection(SolutionConfigurationPlatforms) = preSolution
		Debug|Any CPU = Debug|Any CPU
		Release|Any CPU = Release|Any CPU
	EndGlobalSection
	GlobalSection(ProjectConfigurationPlatforms) = postSolution
		{9C3D6BDE-5332-4BE9-BD9C-ECB67F77A199}.Debug|Any CPU.ActiveCfg = Debug|Any CPU
		{9C3D6BDE-5332-4BE9-BD9C-ECB67F77A199}.Debug|Any CPU.Build.0 = Debug|Any CPU
		{9C3D6BDE-5332-4BE9-BD9C-ECB67F77A199}.Release|Any CPU.ActiveCfg = Release|Any CPU
		{9C3D6BDE-5332-4BE9-BD9C-ECB67F77A199}.Release|Any CPU.Build.0 = Release|Any CPU
		{AF7054C0-CD26-496B-B3B6-12152F2DFAE2}.Debug|Any CPU.ActiveCfg = Debug|Any CPU
		{AF7054C0-CD26-496B-B3B6-12152F2DFAE2}.Debug|Any CPU.Build.0 = Debug|Any CPU
		{AF7054C0-CD26-496B-B3B6-12152F2DFAE2}.Release|Any CPU.ActiveCfg = Release|Any CPU
		{AF7054C0-CD26-496B-B3B6-12152F2DFAE2}.Release|Any CPU.Build.0 = Release|Any CPU
		{56B24B2D-F121-4AF3-998B-B18D5460A261}.Debug|Any CPU.ActiveCfg = Debug|Any CPU
		{56B24B2D-F121-4AF3-998B-B18D5460A261}.Debug|Any CPU.Build.0 = Debug|Any CPU
		{56B24B2D-F121-4AF3-998B-B18D5460A261}.Release|Any CPU.ActiveCfg = Release|Any CPU
		{56B24B2D-F121-4AF3-998B-B18D5460A261}.Release|Any CPU.Build.0 = Release|Any CPU
	EndGlobalSection
	GlobalSection(SolutionProperties) = preSolution
		HideSolutionNode = FALSE
	EndGlobalSection
	GlobalSection(NestedProjects) = preSolution
		{9C3D6BDE-5332-4BE9-BD9C-ECB67F77A199} = {D633F660-B40E-495D-8FDD-E103CF028623}
		{AF7054C0-CD26-496B-B3B6-12152F2DFAE2} = {D633F660-B40E-495D-8FDD-E103CF028623}
	EndGlobalSection
	GlobalSection(ExtensibilityGlobals) = postSolution
		SolutionGuid = {17BFD4C0-74E9-493D-8512-36DD2C35578D}
	EndGlobalSection
EndGlobal
